// !$*UTF8*$!
{
	archiveVersion = 1;
	classes = {
	};
	objectVersion = 77;
	objects = {

/* Begin PBXBuildFile section */
		A1B2C3D4E5F67890ABCDEF01 /* Core.swift in Sources */ = {isa = PBXBuildFile; fileRef = FEDCBA0987654321ABCDEF01 /* Core.swift */; };
		0FB493F4396FB820BE4B3EE3 /* App.swift in Sources */ = {isa = PBXBuildFile; fileRef = EB36529EA52167AA649BA1FD /* App.swift */; };
		3A0180D06BD98C1132C2AE52 /* MenuBarController.swift in Sources */ = {isa = PBXBuildFile; fileRef = F5D82B52906E1EC1492A1678 /* MenuBarController.swift */; };
		4258CDBA413D9809CB58E9F5 /* MonitorLatency.swift in Sources */ = {isa = PBXBuildFile; fileRef = 9666341B4C81F06B8D679B49 /* MonitorLatency.swift */; };
		9308B38EA8F051F3DBBA601C /* MonitorNetwork.swift in Sources */ = {isa = PBXBuildFile; fileRef = 3F74F6DFAF891C89EAFA81CC /* MonitorNetwork.swift */; };
		C9D4F8E3B5D7F9C1E3F5B7D9 /* MonitorMemory.swift in Sources */ = {isa = PBXBuildFile; fileRef = F8E7D6C5B4A3F2E1D0C9B8A7 /* MonitorMemory.swift */; };
		B2C3D4E5F6A7B8C9D0E1F2A3 /* MonitorCPU.swift in Sources */ = {isa = PBXBuildFile; fileRef = A1B2C3D4E5F6A7B8C9D0E1F2 /* MonitorCPU.swift */; };
		D4E5F6A7B8C9D0E1F2A3B4C5 /* MonitorGPU.swift in Sources */ = {isa = PBXBuildFile; fileRef = C3D4E5F6A7B8C9D0E1F2A3B4 /* MonitorGPU.swift */; };
		DB3D33F7E0824CFA0B0DC28B /* Assets.xcassets in Resources */ = {isa = PBXBuildFile; fileRef = 3CC934CE62FFFAF200C3C135 /* Assets.xcassets */; };
/* End PBXBuildFile section */

/* Begin PBXContainerItemProxy section */
		8C64789862347023FDE9299E /* PBXContainerItemProxy */ = {
			isa = PBXContainerItemProxy;
			containerPortal = 1A2A4CA6FE385EA3B802672F /* Project object */;
			proxyType = 1;
			remoteGlobalIDString = 587493FE4D66955FDA9BF5CD;
			remoteInfo = iMoni;
		};
/* End PBXContainerItemProxy section */

/* Begin PBXFileReference section */
		3CC934CE62FFFAF200C3C135 /* Assets.xcassets */ = {isa = PBXFileReference; lastKnownFileType = folder.assetcatalog; path = Assets.xcassets; sourceTree = "<group>"; };
		3F74F6DFAF891C89EAFA81CC /* MonitorNetwork.swift */ = {isa = PBXFileReference; lastKnownFileType = sourcecode.swift; path = MonitorNetwork.swift; sourceTree = "<group>"; };
		9666341B4C81F06B8D679B49 /* MonitorLatency.swift */ = {isa = PBXFileReference; lastKnownFileType = sourcecode.swift; path = MonitorLatency.swift; sourceTree = "<group>"; };
		B3344CEBEDD33EE2813412B9 /* Info.plist */ = {isa = PBXFileReference; lastKnownFileType = text.plist; path = Info.plist; sourceTree = "<group>"; };
		E78182CF4D2FECF5C253EF7A /* iMoni.entitlements */ = {isa = PBXFileReference; lastKnownFileType = text.plist.entitlements; path = iMoni.entitlements; sourceTree = "<group>"; };
		FEDCBA0987654321ABCDEF01 /* Core.swift */ = {isa = PBXFileReference; lastKnownFileType = sourcecode.swift; path = Core.swift; sourceTree = "<group>"; };
		EB36529EA52167AA649BA1FD /* App.swift */ = {isa = PBXFileReference; lastKnownFileType = sourcecode.swift; path = App.swift; sourceTree = "<group>"; };
		F5D82B52906E1EC1492A1678 /* MenuBarController.swift */ = {isa = PBXFileReference; lastKnownFileType = sourcecode.swift; path = MenuBarController.swift; sourceTree = "<group>"; };
		F8E7D6C5B4A3F2E1D0C9B8A7 /* MonitorMemory.swift */ = {isa = PBXFileReference; lastKnownFileType = sourcecode.swift; path = MonitorMemory.swift; sourceTree = "<group>"; };
		A1B2C3D4E5F6A7B8C9D0E1F2 /* MonitorCPU.swift */ = {isa = PBXFileReference; lastKnownFileType = sourcecode.swift; path = MonitorCPU.swift; sourceTree = "<group>"; };
		C3D4E5F6A7B8C9D0E1F2A3B4 /* MonitorGPU.swift */ = {isa = PBXFileReference; lastKnownFileType = sourcecode.swift; path = MonitorGPU.swift; sourceTree = "<group>"; };
		F60B6ABB8D8F37687EBA30B8 /* iMoni.app */ = {isa = PBXFileReference; explicitFileType = wrapper.application; includeInIndex = 0; path = iMoni.app; sourceTree = BUILT_PRODUCTS_DIR; };
/* End PBXFileReference section */

/* Begin PBXGroup section */
		66E219AD86D9A9C61254346A /* iMoni */ = {
			isa = PBXGroup;
			children = (
				FEDCBA0987654321ABCDEF01 /* Core.swift */,
				EB36529EA52167AA649BA1FD /* App.swift */,
				3CC934CE62FFFAF200C3C135 /* Assets.xcassets */,
				E78182CF4D2FECF5C253EF7A /* iMoni.entitlements */,
				B3344CEBEDD33EE2813412B9 /* Info.plist */,
				F5D82B52906E1EC1492A1678 /* MenuBarController.swift */,
				9666341B4C81F06B8D679B49 /* MonitorLatency.swift */,
				3F74F6DFAF891C89EAFA81CC /* MonitorNetwork.swift */,
				F8E7D6C5B4A3F2E1D0C9B8A7 /* MonitorMemory.swift */,
				A1B2C3D4E5F6A7B8C9D0E1F2 /* MonitorCPU.swift */,
				C3D4E5F6A7B8C9D0E1F2A3B4 /* MonitorGPU.swift */,
			);
			path = iMoni;
			sourceTree = "<group>";
		};
		CD658B2D197E3608290E4E81 = {
			isa = PBXGroup;
			children = (
				66E219AD86D9A9C61254346A /* iMoni */,
				CF5E553B24D580C04130A69B /* Products */,
			);
			sourceTree = "<group>";
		};
		CF5E553B24D580C04130A69B /* Products */ = {
			isa = PBXGroup;
			children = (
				F60B6ABB8D8F37687EBA30B8 /* iMoni.app */,
			);
			name = Products;
			sourceTree = "<group>";
		};
/* End PBXGroup section */

/* Begin PBXNativeTarget section */
		587493FE4D66955FDA9BF5CD /* iMoni */ = {
			isa = PBXNativeTarget;
			buildConfigurationList = 4ECC780003DB1187E25773F9 /* Build configuration list for PBXNativeTarget "iMoni" */;
			buildPhases = (
				0AD2275FC11CC2DFA083477C /* Sources */,
				53377E4F0CA3A8C7F7133A18 /* Resources */,
			);
			buildRules = (
			);
			dependencies = (
			);
			name = iMoni;
			packageProductDependencies = (
			);
			productName = iMoni;
			productReference = F60B6ABB8D8F37687EBA30B8 /* iMoni.app */;
			productType = "com.apple.product-type.application";
		};
/* End PBXNativeTarget section */

/* Begin PBXProject section */
		1A2A4CA6FE385EA3B802672F /* Project object */ = {
			isa = PBXProject;
			attributes = {
				BuildIndependentTargetsInParallel = YES;
				LastUpgradeCheck = 1600;
				TargetAttributes = {
					587493FE4D66955FDA9BF5CD = {
						DevelopmentTeam = K9UF7A2D7Y;
						ProvisioningStyle = Automatic;
					};
				};
			};
			buildConfigurationList = FCB130A5DBE854983FE2ECCC /* Build configuration list for PBXProject "iMoni" */;
			developmentRegion = en;
			hasScannedForEncodings = 0;
			knownRegions = (
				Base,
				en,
			);
			mainGroup = CD658B2D197E3608290E4E81;
			minimizedProjectReferenceProxies = 1;
			preferredProjectObjectVersion = 77;
			productRefGroup = CF5E553B24D580C04130A69B /* Products */;
			projectDirPath = "";
			projectRoot = "";
			targets = (
				587493FE4D66955FDA9BF5CD /* iMoni */,
			);
		};
/* End PBXProject section */

/* Begin PBXResourcesBuildPhase section */
		53377E4F0CA3A8C7F7133A18 /* Resources */ = {
			isa = PBXResourcesBuildPhase;
			buildActionMask = 2147483647;
			files = (
				DB3D33F7E0824CFA0B0DC28B /* Assets.xcassets in Resources */,
			);
			runOnlyForDeploymentPostprocessing = 0;
		};
/* End PBXResourcesBuildPhase section */

/* Begin PBXSourcesBuildPhase section */
		0AD2275FC11CC2DFA083477C /* Sources */ = {
			isa = PBXSourcesBuildPhase;
			buildActionMask = 2147483647;
			files = (
				A1B2C3D4E5F67890ABCDEF01 /* Core.swift in Sources */,
				0FB493F4396FB820BE4B3EE3 /* App.swift in Sources */,
				3A0180D06BD98C1132C2AE52 /* MenuBarController.swift in Sources */,
				4258CDBA413D9809CB58E9F5 /* MonitorLatency.swift in Sources */,
				9308B38EA8F051F3DBBA601C /* MonitorNetwork.swift in Sources */,
				C9D4F8E3B5D7F9C1E3F5B7D9 /* MonitorMemory.swift in Sources */,
				B2C3D4E5F6A7B8C9D0E1F2A3 /* MonitorCPU.swift in Sources */,
				D4E5F6A7B8C9D0E1F2A3B4C5 /* MonitorGPU.swift in Sources */,
			);
			runOnlyForDeploymentPostprocessing = 0;
		};
/* End PBXSourcesBuildPhase section */

/* Begin PBXTargetDependency section */
		CCD0E4AD79AC4A966D8B0C85 /* PBXTargetDependency */ = {
			isa = PBXTargetDependency;
			target = 587493FE4D66955FDA9BF5CD /* iMoni */;
			targetProxy = 8C64789862347023FDE9299E /* PBXContainerItemProxy */;
		};
/* End PBXTargetDependency section */

/* Begin XCBuildConfiguration section */
		A0D433B651E6A16C4980A086 /* Release */ = {
			isa = XCBuildConfiguration;
			buildSettings = {
				ASSETCATALOG_COMPILER_APPICON_NAME = AppIcon;
				ASSETCATALOG_COMPILER_GLOBAL_ACCENT_COLOR_NAME = AccentColor;
				CODE_SIGN_ENTITLEMENTS = iMoni/iMoni.entitlements;
				COMBINE_HIDPI_IMAGES = YES;
				ENABLE_HARDENED_RUNTIME = YES;
				ENABLE_TESTING_SEARCH_PATHS = NO;
				GENERATE_INFOPLIST_FILE = YES;
				INFOPLIST_FILE = iMoni/Info.plist;
				LD_RUNPATH_SEARCH_PATHS = (
					"$(inherited)",
					"@executable_path/../Frameworks",
				);

				MARKETING_VERSION = 1.3.1;
				PRODUCT_BUNDLE_IDENTIFIER = David.iMoni;
				SDKROOT = macosx;
				SWIFT_APPROACHABLE_CONCURRENCY = YES;
				SWIFT_DEFAULT_ACTOR_ISOLATION = MainActor;
			};
			name = Release;
		};
		A55F427FD51610EC1CE134D8 /* Debug */ = {
			isa = XCBuildConfiguration;
			buildSettings = {
				ALWAYS_SEARCH_USER_PATHS = NO;
				CLANG_ANALYZER_NONNULL = YES;
				CLANG_ANALYZER_NUMBER_OBJECT_CONVERSION = YES_AGGRESSIVE;
				CLANG_CXX_LANGUAGE_STANDARD = "gnu++14";
				CLANG_CXX_LIBRARY = "libc++";
				CLANG_ENABLE_MODULES = YES;
				CLANG_ENABLE_OBJC_ARC = YES;
				CLANG_ENABLE_OBJC_WEAK = YES;
				CLANG_WARN_BLOCK_CAPTURE_AUTORELEASING = YES;
				CLANG_WARN_BOOL_CONVERSION = YES;
				CLANG_WARN_COMMA = YES;
				CLANG_WARN_CONSTANT_CONVERSION = YES;
				CLANG_WARN_DEPRECATED_OBJC_IMPLEMENTATIONS = YES;
				CLANG_WARN_DIRECT_OBJC_ISA_USAGE = YES_ERROR;
				CLANG_WARN_DOCUMENTATION_COMMENTS = YES;
				CLANG_WARN_EMPTY_BODY = YES;
				CLANG_WARN_ENUM_CONVERSION = YES;
				CLANG_WARN_INFINITE_RECURSION = YES;
				CLANG_WARN_INT_CONVERSION = YES;
				CLANG_WARN_NON_LITERAL_NULL_CONVERSION = YES;
				CLANG_WARN_OBJC_IMPLICIT_RETAIN_SELF = YES;
				CLANG_WARN_OBJC_LITERAL_CONVERSION = YES;
				CLANG_WARN_OBJC_ROOT_CLASS = YES_ERROR;
				CLANG_WARN_QUOTED_INCLUDE_IN_FRAMEWORK_HEADER = YES;
				CLANG_WARN_RANGE_LOOP_ANALYSIS = YES;
				CLANG_WARN_STRICT_PROTOTYPES = YES;
				CLANG_WARN_SUSPICIOUS_MOVE = YES;
				CLANG_WARN_UNGUARDED_AVAILABILITY = YES_AGGRESSIVE;
				CLANG_WARN_UNREACHABLE_CODE = YES;
				CLANG_WARN__DUPLICATE_METHOD_MATCH = YES;
				CODE_SIGN_STYLE = Automatic;
				COMBINE_HIDPI_IMAGES = YES;
				COPY_PHASE_STRIP = NO;
				CURRENT_PROJECT_VERSION = 1;
				DEBUG_INFORMATION_FORMAT = dwarf;
				DEVELOPMENT_TEAM = K9UF7A2D7Y;
				ENABLE_STRICT_OBJC_MSGSEND = YES;
				ENABLE_TESTABILITY = YES;
				ENABLE_USER_SCRIPT_SANDBOXING = YES;
				GCC_C_LANGUAGE_STANDARD = gnu11;
				GCC_DYNAMIC_NO_PIC = NO;
				GCC_NO_COMMON_BLOCKS = YES;
				GCC_OPTIMIZATION_LEVEL = 0;
				GCC_PREPROCESSOR_DEFINITIONS = (
					"$(inherited)",
					"DEBUG=1",
				);
				GCC_WARN_64_TO_32_BIT_CONVERSION = YES;
				GCC_WARN_ABOUT_RETURN_TYPE = YES_ERROR;
				GCC_WARN_UNDECLARED_SELECTOR = YES;
				GCC_WARN_UNINITIALIZED_AUTOS = YES_AGGRESSIVE;
				GCC_WARN_UNUSED_FUNCTION = YES;
				GCC_WARN_UNUSED_VARIABLE = YES;
				MACOSX_DEPLOYMENT_TARGET = 15.0;
				MTL_ENABLE_DEBUG_INFO = INCLUDE_SOURCE;
				MTL_FAST_MATH = YES;
				ONLY_ACTIVE_ARCH = YES;
				PRODUCT_NAME = "$(TARGET_NAME)";
				SDKROOT = macosx;
				SWIFT_ACTIVE_COMPILATION_CONDITIONS = DEBUG;
				SWIFT_OPTIMIZATION_LEVEL = "-Onone";
				SWIFT_VERSION = 5.0;
			};
			name = Debug;
		};
		C22CE26062FF5102D7B6E4F3 /* Release */ = {
			isa = XCBuildConfiguration;
			buildSettings = {
				ALWAYS_SEARCH_USER_PATHS = NO;
				CLANG_ANALYZER_NONNULL = YES;
				CLANG_ANALYZER_NUMBER_OBJECT_CONVERSION = YES_AGGRESSIVE;
				CLANG_CXX_LANGUAGE_STANDARD = "gnu++14";
				CLANG_CXX_LIBRARY = "libc++";
				CLANG_ENABLE_MODULES = YES;
				CLANG_ENABLE_OBJC_ARC = YES;
				CLANG_ENABLE_OBJC_WEAK = YES;
				CLANG_WARN_BLOCK_CAPTURE_AUTORELEASING = YES;
				CLANG_WARN_BOOL_CONVERSION = YES;
				CLANG_WARN_COMMA = YES;
				CLANG_WARN_CONSTANT_CONVERSION = YES;
				CLANG_WARN_DEPRECATED_OBJC_IMPLEMENTATIONS = YES;
				CLANG_WARN_DIRECT_OBJC_ISA_USAGE = YES_ERROR;
				CLANG_WARN_DOCUMENTATION_COMMENTS = YES;
				CLANG_WARN_EMPTY_BODY = YES;
				CLANG_WARN_ENUM_CONVERSION = YES;
				CLANG_WARN_INFINITE_RECURSION = YES;
				CLANG_WARN_INT_CONVERSION = YES;
				CLANG_WARN_NON_LITERAL_NULL_CONVERSION = YES;
				CLANG_WARN_OBJC_IMPLICIT_RETAIN_SELF = YES;
				CLANG_WARN_OBJC_LITERAL_CONVERSION = YES;
				CLANG_WARN_OBJC_ROOT_CLASS = YES_ERROR;
				CLANG_WARN_QUOTED_INCLUDE_IN_FRAMEWORK_HEADER = YES;
				CLANG_WARN_RANGE_LOOP_ANALYSIS = YES;
				CLANG_WARN_STRICT_PROTOTYPES = YES;
				CLANG_WARN_SUSPICIOUS_MOVE = YES;
				CLANG_WARN_UNGUARDED_AVAILABILITY = YES_AGGRESSIVE;
				CLANG_WARN_UNREACHABLE_CODE = YES;
				CLANG_WARN__DUPLICATE_METHOD_MATCH = YES;
				CODE_SIGN_STYLE = Automatic;
				COMBINE_HIDPI_IMAGES = YES;
				COPY_PHASE_STRIP = NO;
				CURRENT_PROJECT_VERSION = 1;
				DEBUG_INFORMATION_FORMAT = "dwarf-with-dsym";
				DEVELOPMENT_TEAM = K9UF7A2D7Y;
				ENABLE_NS_ASSERTIONS = NO;
				ENABLE_STRICT_OBJC_MSGSEND = YES;
				ENABLE_USER_SCRIPT_SANDBOXING = YES;
				GCC_C_LANGUAGE_STANDARD = gnu11;
				GCC_NO_COMMON_BLOCKS = YES;
				GCC_WARN_64_TO_32_BIT_CONVERSION = YES;
				GCC_WARN_ABOUT_RETURN_TYPE = YES_ERROR;
				GCC_WARN_UNDECLARED_SELECTOR = YES;
				GCC_WARN_UNINITIALIZED_AUTOS = YES_AGGRESSIVE;
				GCC_WARN_UNUSED_FUNCTION = YES;
				GCC_WARN_UNUSED_VARIABLE = YES;
				MACOSX_DEPLOYMENT_TARGET = 15.0;
				MTL_ENABLE_DEBUG_INFO = NO;
				MTL_FAST_MATH = YES;
				PRODUCT_NAME = "$(TARGET_NAME)";
				SDKROOT = macosx;
				SWIFT_COMPILATION_MODE = wholemodule;
				SWIFT_OPTIMIZATION_LEVEL = "-O";
				SWIFT_VERSION = 5.0;
			};
			name = Release;
		};
		C4090F380C4BACE22BC131DE /* Debug */ = {
			isa = XCBuildConfiguration;
			buildSettings = {
				ASSETCATALOG_COMPILER_APPICON_NAME = AppIcon;
				ASSETCATALOG_COMPILER_GLOBAL_ACCENT_COLOR_NAME = AccentColor;
				CODE_SIGN_ENTITLEMENTS = iMoni/iMoni.entitlements;
				COMBINE_HIDPI_IMAGES = YES;
				ENABLE_HARDENED_RUNTIME = YES;
				ENABLE_TESTING_SEARCH_PATHS = NO;
				GENERATE_INFOPLIST_FILE = YES;
				INFOPLIST_FILE = iMoni/Info.plist;
				LD_RUNPATH_SEARCH_PATHS = (
					"$(inherited)",
					"@executable_path/../Frameworks",
				);

				MARKETING_VERSION = 1.3.1;
				PRODUCT_BUNDLE_IDENTIFIER = David.iMoni;
				SDKROOT = macosx;
				SWIFT_APPROACHABLE_CONCURRENCY = YES;
				SWIFT_DEFAULT_ACTOR_ISOLATION = MainActor;
			};
			name = Debug;
		};
/* End XCBuildConfiguration section */

/* Begin XCConfigurationList section */
		4ECC780003DB1187E25773F9 /* Build configuration list for PBXNativeTarget "iMoni" */ = {
			isa = XCConfigurationList;
			buildConfigurations = (
				C4090F380C4BACE22BC131DE /* Debug */,
				A0D433B651E6A16C4980A086 /* Release */,
			);
			defaultConfigurationIsVisible = 0;
			defaultConfigurationName = Debug;
		};
		FCB130A5DBE854983FE2ECCC /* Build configuration list for PBXProject "iMoni" */ = {
			isa = XCConfigurationList;
			buildConfigurations = (
				A55F427FD51610EC1CE134D8 /* Debug */,
				C22CE26062FF5102D7B6E4F3 /* Release */,
			);
			defaultConfigurationIsVisible = 0;
			defaultConfigurationName = Debug;
		};
/* End XCConfigurationList section */
	};
	rootObject = 1A2A4CA6FE385EA3B802672F /* Project object */;
}
